
Microsoft Visual Studio Solution File, Format Version 12.00
# Visual Studio Version 17
VisualStudioVersion = 17.14.36414.22 d17.14
MinimumVisualStudioVersion = 10.0.40219.1
Project("{FAE04EC0-301F-11D3-BF4B-00C04F79EFBC}") = "WebAppPelda", "WebAppPelda\WebAppPelda.csproj", "{573233D3-0B32-4CED-AB03-6EEAACBFA5B8}"
EndProject
Global
	GlobalSection(SolutionConfigurationPlatforms) = preSolution
		Debug|Any CPU = Debug|Any CPU
		Release|Any CPU = Release|Any CPU
	EndGlobalSection
	GlobalSection(ProjectConfigurationPlatforms) = postSolution
		{573233D3-0B32-4CED-AB03-6EEAACBFA5B8}.Debug|Any CPU.ActiveCfg = Debug|Any CPU
		{573233D3-0B32-4CED-AB03-6EEAACBFA5B8}.Debug|Any CPU.Build.0 = Debug|Any CPU
		{573233D3-0B32-4CED-AB03-6EEAACBFA5B8}.Release|Any CPU.ActiveCfg = Release|Any CPU
		{573233D3-0B32-4CED-AB03-6EEAACBFA5B8}.Release|Any CPU.Build.0 = Release|Any CPU
	EndGlobalSection
	GlobalSection(SolutionProperties) = preSolution
		HideSolutionNode = FALSE
	EndGlobalSection
	GlobalSection(ExtensibilityGlobals) = postSolution
		SolutionGuid = {B8A1473C-4F61-48FA-B9E4-7D69A595F5F3}
	EndGlobalSection
EndGlobal
